
Microsoft Visual Studio Solution File, Format Version 12.00
# Visual Studio Version 16
VisualStudioVersion = 16.0.30406.217
MinimumVisualStudioVersion = 10.0.40219.1
Project("{FAE04EC0-301F-11D3-BF4B-00C04F79EFBC}") = "MinhaApiCore", "MinhaApiCore\MinhaApiCore.csproj", "{E642AC8A-7BD5-4F2A-A7EA-00EB5FBABEF6}"
EndProject
Global
	GlobalSection(SolutionConfigurationPlatforms) = preSolution
		Debug|Any CPU = Debug|Any CPU
		Release|Any CPU = Release|Any CPU
	EndGlobalSection
	GlobalSection(ProjectConfigurationPlatforms) = postSolution
		{E642AC8A-7BD5-4F2A-A7EA-00EB5FBABEF6}.Debug|Any CPU.ActiveCfg = Debug|Any CPU
		{E642AC8A-7BD5-4F2A-A7EA-00EB5FBABEF6}.Debug|Any CPU.Build.0 = Debug|Any CPU
		{E642AC8A-7BD5-4F2A-A7EA-00EB5FBABEF6}.Release|Any CPU.ActiveCfg = Release|Any CPU
		{E642AC8A-7BD5-4F2A-A7EA-00EB5FBABEF6}.Release|Any CPU.Build.0 = Release|Any CPU
	EndGlobalSection
	GlobalSection(SolutionProperties) = preSolution
		HideSolutionNode = FALSE
	EndGlobalSection
	GlobalSection(ExtensibilityGlobals) = postSolution
		SolutionGuid = {EF767ACD-0C72-4C5E-B17E-7E9FB0894AE5}
	EndGlobalSection
EndGlobal
